
Microsoft Visual Studio Solution File, Format Version 12.00
# Visual Studio Version 17
VisualStudioVersion = 17.1.31911.260
MinimumVisualStudioVersion = 10.0.40219.1
Project("{FAE04EC0-301F-11D3-BF4B-00C04F79EFBC}") = "HousingAPI", "HousingAPI.csproj", "{AFF14377-4512-4D39-B3BF-B4C8A0359CA1}"
EndProject
Global
	GlobalSection(SolutionConfigurationPlatforms) = preSolution
		Debug|Any CPU = Debug|Any CPU
		Release|Any CPU = Release|Any CPU
	EndGlobalSection
	GlobalSection(ProjectConfigurationPlatforms) = postSolution
		{AFF14377-4512-4D39-B3BF-B4C8A0359CA1}.Debug|Any CPU.ActiveCfg = Debug|Any CPU
		{AFF14377-4512-4D39-B3BF-B4C8A0359CA1}.Debug|Any CPU.Build.0 = Debug|Any CPU
		{AFF14377-4512-4D39-B3BF-B4C8A0359CA1}.Release|Any CPU.ActiveCfg = Release|Any CPU
		{AFF14377-4512-4D39-B3BF-B4C8A0359CA1}.Release|Any CPU.Build.0 = Release|Any CPU
	EndGlobalSection
	GlobalSection(SolutionProperties) = preSolution
		HideSolutionNode = FALSE
	EndGlobalSection
	GlobalSection(ExtensibilityGlobals) = postSolution
		SolutionGuid = {F9A76D38-A2D4-4D4C-AB59-7C7C0F9FB6A9}
	EndGlobalSection
EndGlobal
